// !$*UTF8*$!
{
	archiveVersion = 1;
	classes = {
	};
	objectVersion = 46;
	objects = {

/* Begin PBXBuildFile section */
		7170A9231D8B5EC200F5EA65 /* AppDelegate.swift in Sources */ = {isa = PBXBuildFile; fileRef = 7170A9221D8B5EC200F5EA65 /* AppDelegate.swift */; };
		7170A9251D8B5EC200F5EA65 /* ViewController.swift in Sources */ = {isa = PBXBuildFile; fileRef = 7170A9241D8B5EC200F5EA65 /* ViewController.swift */; };
		7170A9281D8B5EC200F5EA65 /* Main.storyboard in Resources */ = {isa = PBXBuildFile; fileRef = 7170A9261D8B5EC200F5EA65 /* Main.storyboard */; };
		7170A92A1D8B5EC200F5EA65 /* Assets.xcassets in Resources */ = {isa = PBXBuildFile; fileRef = 7170A9291D8B5EC200F5EA65 /* Assets.xcassets */; };
		7170A92D1D8B5EC200F5EA65 /* LaunchScreen.storyboard in Resources */ = {isa = PBXBuildFile; fileRef = 7170A92B1D8B5EC200F5EA65 /* LaunchScreen.storyboard */; };
		7170A9381D8B5EC300F5EA65 /* caltipTests.swift in Sources */ = {isa = PBXBuildFile; fileRef = 7170A9371D8B5EC300F5EA65 /* caltipTests.swift */; };
		7170A9431D8B5EC300F5EA65 /* caltipUITests.swift in Sources */ = {isa = PBXBuildFile; fileRef = 7170A9421D8B5EC300F5EA65 /* caltipUITests.swift */; };
/* End PBXBuildFile section */

/* Begin PBXContainerItemProxy section */
		7170A9341D8B5EC300F5EA65 /* PBXContainerItemProxy */ = {
			isa = PBXContainerItemProxy;
			containerPortal = 7170A9171D8B5EC200F5EA65 /* Project object */;
			proxyType = 1;
			remoteGlobalIDString = 7170A91E1D8B5EC200F5EA65;
			remoteInfo = caltip;
		};
		7170A93F1D8B5EC300F5EA65 /* PBXContainerItemProxy */ = {
			isa = PBXContainerItemProxy;
			containerPortal = 7170A9171D8B5EC200F5EA65 /* Project object */;
			proxyType = 1;
			remoteGlobalIDString = 7170A91E1D8B5EC200F5EA65;
			remoteInfo = caltip;
		};
/* End PBXContainerItemProxy section */

/* Begin PBXFileReference section */
		7170A91F1D8B5EC200F5EA65 /* caltip.app */ = {isa = PBXFileReference; explicitFileType = wrapper.application; includeInIndex = 0; path = caltip.app; sourceTree = BUILT_PRODUCTS_DIR; };
		7170A9221D8B5EC200F5EA65 /* AppDelegate.swift */ = {isa = PBXFileReference; lastKnownFileType = sourcecode.swift; path = AppDelegate.swift; sourceTree = "<group>"; };
		7170A9241D8B5EC200F5EA65 /* ViewController.swift */ = {isa = PBXFileReference; lastKnownFileType = sourcecode.swift; path = ViewController.swift; sourceTree = "<group>"; };
		7170A9271D8B5EC200F5EA65 /* Base */ = {isa = PBXFileReference; lastKnownFileType = file.storyboard; name = Base; path = Base.lproj/Main.storyboard; sourceTree = "<group>"; };
		7170A9291D8B5EC200F5EA65 /* Assets.xcassets */ = {isa = PBXFileReference; lastKnownFileType = folder.assetcatalog; path = Assets.xcassets; sourceTree = "<group>"; };
		7170A92C1D8B5EC200F5EA65 /* Base */ = {isa = PBXFileReference; lastKnownFileType = file.storyboard; name = Base; path = Base.lproj/LaunchScreen.storyboard; sourceTree = "<group>"; };
		7170A92E1D8B5EC200F5EA65 /* Info.plist */ = {isa = PBXFileReference; lastKnownFileType = text.plist.xml; path = Info.plist; sourceTree = "<group>"; };
		7170A9331D8B5EC300F5EA65 /* caltipTests.xctest */ = {isa = PBXFileReference; explicitFileType = wrapper.cfbundle; includeInIndex = 0; path = caltipTests.xctest; sourceTree = BUILT_PRODUCTS_DIR; };
		7170A9371D8B5EC300F5EA65 /* caltipTests.swift */ = {isa = PBXFileReference; lastKnownFileType = sourcecode.swift; path = caltipTests.swift; sourceTree = "<group>"; };
		7170A9391D8B5EC300F5EA65 /* Info.plist */ = {isa = PBXFileReference; lastKnownFileType = text.plist.xml; path = Info.plist; sourceTree = "<group>"; };
		7170A93E1D8B5EC300F5EA65 /* caltipUITests.xctest */ = {isa = PBXFileReference; explicitFileType = wrapper.cfbundle; includeInIndex = 0; path = caltipUITests.xctest; sourceTree = BUILT_PRODUCTS_DIR; };
		7170A9421D8B5EC300F5EA65 /* caltipUITests.swift */ = {isa = PBXFileReference; lastKnownFileType = sourcecode.swift; path = caltipUITests.swift; sourceTree = "<group>"; };
		7170A9441D8B5EC300F5EA65 /* Info.plist */ = {isa = PBXFileReference; lastKnownFileType = text.plist.xml; path = Info.plist; sourceTree = "<group>"; };
/* End PBXFileReference section */

/* Begin PBXFrameworksBuildPhase section */
		7170A91C1D8B5EC200F5EA65 /* Frameworks */ = {
			isa = PBXFrameworksBuildPhase;
			buildActionMask = 2147483647;
			files = (
			);
			runOnlyForDeploymentPostprocessing = 0;
		};
		7170A9301D8B5EC300F5EA65 /* Frameworks */ = {
			isa = PBXFrameworksBuildPhase;
			buildActionMask = 2147483647;
			files = (
			);
			runOnlyForDeploymentPostprocessing = 0;
		};
		7170A93B1D8B5EC300F5EA65 /* Frameworks */ = {
			isa = PBXFrameworksBuildPhase;
			buildActionMask = 2147483647;
			files = (
			);
			runOnlyForDeploymentPostprocessing = 0;
		};
/* End PBXFrameworksBuildPhase section */

/* Begin PBXGroup section */
		7170A9161D8B5EC200F5EA65 = {
			isa = PBXGroup;
			children = (
				7170A9211D8B5EC200F5EA65 /* caltip */,
				7170A9361D8B5EC300F5EA65 /* caltipTests */,
				7170A9411D8B5EC300F5EA65 /* caltipUITests */,
				7170A9201D8B5EC200F5EA65 /* Products */,
			);
			sourceTree = "<group>";
		};
		7170A9201D8B5EC200F5EA65 /* Products */ = {
			isa = PBXGroup;
			children = (
				7170A91F1D8B5EC200F5EA65 /* caltip.app */,
				7170A9331D8B5EC300F5EA65 /* caltipTests.xctest */,
				7170A93E1D8B5EC300F5EA65 /* caltipUITests.xctest */,
			);
			name = Products;
			sourceTree = "<group>";
		};
		7170A9211D8B5EC200F5EA65 /* caltip */ = {
			isa = PBXGroup;
			children = (
				7170A9221D8B5EC200F5EA65 /* AppDelegate.swift */,
				7170A9241D8B5EC200F5EA65 /* ViewController.swift */,
				7170A9261D8B5EC200F5EA65 /* Main.storyboard */,
				7170A9291D8B5EC200F5EA65 /* Assets.xcassets */,
				7170A92B1D8B5EC200F5EA65 /* LaunchScreen.storyboard */,
				7170A92E1D8B5EC200F5EA65 /* Info.plist */,
			);
			path = caltip;
			sourceTree = "<group>";
		};
		7170A9361D8B5EC300F5EA65 /* caltipTests */ = {
			isa = PBXGroup;
			children = (
				7170A9371D8B5EC300F5EA65 /* caltipTests.swift */,
				7170A9391D8B5EC300F5EA65 /* Info.plist */,
			);
			path = caltipTests;
			sourceTree = "<group>";
		};
		7170A9411D8B5EC300F5EA65 /* caltipUITests */ = {
			isa = PBXGroup;
			children = (
				7170A9421D8B5EC300F5EA65 /* caltipUITests.swift */,
				7170A9441D8B5EC300F5EA65 /* Info.plist */,
			);
			path = caltipUITests;
			sourceTree = "<group>";
		};
/* End PBXGroup section */

/* Begin PBXNativeTarget section */
		7170A91E1D8B5EC200F5EA65 /* caltip */ = {
			isa = PBXNativeTarget;
			buildConfigurationList = 7170A9471D8B5EC300F5EA65 /* Build configuration list for PBXNativeTarget "caltip" */;
			buildPhases = (
				7170A91B1D8B5EC200F5EA65 /* Sources */,
				7170A91C1D8B5EC200F5EA65 /* Frameworks */,
				7170A91D1D8B5EC200F5EA65 /* Resources */,
			);
			buildRules = (
			);
			dependencies = (
			);
			name = caltip;
			productName = caltip;
			productReference = 7170A91F1D8B5EC200F5EA65 /* caltip.app */;
			productType = "com.apple.product-type.application";
		};
		7170A9321D8B5EC300F5EA65 /* caltipTests */ = {
			isa = PBXNativeTarget;
			buildConfigurationList = 7170A94A1D8B5EC300F5EA65 /* Build configuration list for PBXNativeTarget "caltipTests" */;
			buildPhases = (
				7170A92F1D8B5EC300F5EA65 /* Sources */,
				7170A9301D8B5EC300F5EA65 /* Frameworks */,
				7170A9311D8B5EC300F5EA65 /* Resources */,
			);
			buildRules = (
			);
			dependencies = (
				7170A9351D8B5EC300F5EA65 /* PBXTargetDependency */,
			);
			name = caltipTests;
			productName = caltipTests;
			productReference = 7170A9331D8B5EC300F5EA65 /* caltipTests.xctest */;
			productType = "com.apple.product-type.bundle.unit-test";
		};
		7170A93D1D8B5EC300F5EA65 /* caltipUITests */ = {
			isa = PBXNativeTarget;
			buildConfigurationList = 7170A94D1D8B5EC300F5EA65 /* Build configuration list for PBXNativeTarget "caltipUITests" */;
			buildPhases = (
				7170A93A1D8B5EC300F5EA65 /* Sources */,
				7170A93B1D8B5EC300F5EA65 /* Frameworks */,
				7170A93C1D8B5EC300F5EA65 /* Resources */,
			);
			buildRules = (
			);
			dependencies = (
				7170A9401D8B5EC300F5EA65 /* PBXTargetDependency */,
			);
			name = caltipUITests;
			productName = caltipUITests;
			productReference = 7170A93E1D8B5EC300F5EA65 /* caltipUITests.xctest */;
			productType = "com.apple.product-type.bundle.ui-testing";
		};
/* End PBXNativeTarget section */

/* Begin PBXProject section */
		7170A9171D8B5EC200F5EA65 /* Project object */ = {
			isa = PBXProject;
			attributes = {
				LastSwiftUpdateCheck = 0800;
				LastUpgradeCheck = 0800;
				ORGANIZATIONNAME = "Chen, Dasheng";
				TargetAttributes = {
					7170A91E1D8B5EC200F5EA65 = {
						CreatedOnToolsVersion = 8.0;
						ProvisioningStyle = Automatic;
					};
					7170A9321D8B5EC300F5EA65 = {
						CreatedOnToolsVersion = 8.0;
						ProvisioningStyle = Automatic;
						TestTargetID = 7170A91E1D8B5EC200F5EA65;
					};
					7170A93D1D8B5EC300F5EA65 = {
						CreatedOnToolsVersion = 8.0;
						ProvisioningStyle = Automatic;
						TestTargetID = 7170A91E1D8B5EC200F5EA65;
					};
				};
			};
			buildConfigurationList = 7170A91A1D8B5EC200F5EA65 /* Build configuration list for PBXProject "caltip" */;
			compatibilityVersion = "Xcode 3.2";
			developmentRegion = English;
			hasScannedForEncodings = 0;
			knownRegions = (
				en,
				Base,
			);
			mainGroup = 7170A9161D8B5EC200F5EA65;
			productRefGroup = 7170A9201D8B5EC200F5EA65 /* Products */;
			projectDirPath = "";
			projectRoot = "";
			targets = (
				7170A91E1D8B5EC200F5EA65 /* caltip */,
				7170A9321D8B5EC300F5EA65 /* caltipTests */,
				7170A93D1D8B5EC300F5EA65 /* caltipUITests */,
			);
		};
/* End PBXProject section */

/* Begin PBXResourcesBuildPhase section */
		7170A91D1D8B5EC200F5EA65 /* Resources */ = {
			isa = PBXResourcesBuildPhase;
			buildActionMask = 2147483647;
			files = (
				7170A92D1D8B5EC200F5EA65 /* LaunchScreen.storyboard in Resources */,
				7170A92A1D8B5EC200F5EA65 /* Assets.xcassets in Resources */,
				7170A9281D8B5EC200F5EA65 /* Main.storyboard in Resources */,
			);
			runOnlyForDeploymentPostprocessing = 0;
		};
		7170A9311D8B5EC300F5EA65 /* Resources */ = {
			isa = PBXResourcesBuildPhase;
			buildActionMask = 2147483647;
			files = (
			);
			runOnlyForDeploymentPostprocessing = 0;
		};
		7170A93C1D8B5EC300F5EA65 /* Resources */ = {
			isa = PBXResourcesBuildPhase;
			buildActionMask = 2147483647;
			files = (
			);
			runOnlyForDeploymentPostprocessing = 0;
		};
/* End PBXResourcesBuildPhase section */

/* Begin PBXSourcesBuildPhase section */
		7170A91B1D8B5EC200F5EA65 /* Sources */ = {
			isa = PBXSourcesBuildPhase;
			buildActionMask = 2147483647;
			files = (
				7170A9251D8B5EC200F5EA65 /* ViewController.swift in Sources */,
				7170A9231D8B5EC200F5EA65 /* AppDelegate.swift in Sources */,
			);
			runOnlyForDeploymentPostprocessing = 0;
		};
		7170A92F1D8B5EC300F5EA65 /* Sources */ = {
			isa = PBXSourcesBuildPhase;
			buildActionMask = 2147483647;
			files = (
				7170A9381D8B5EC300F5EA65 /* caltipTests.swift in Sources */,
			);
			runOnlyForDeploymentPostprocessing = 0;
		};
		7170A93A1D8B5EC300F5EA65 /* Sources */ = {
			isa = PBXSourcesBuildPhase;
			buildActionMask = 2147483647;
			files = (
				7170A9431D8B5EC300F5EA65 /* caltipUITests.swift in Sources */,
			);
			runOnlyForDeploymentPostprocessing = 0;
		};
/* End PBXSourcesBuildPhase section */

/* Begin PBXTargetDependency section */
		7170A9351D8B5EC300F5EA65 /* PBXTargetDependency */ = {
			isa = PBXTargetDependency;
			target = 7170A91E1D8B5EC200F5EA65 /* caltip */;
			targetProxy = 7170A9341D8B5EC300F5EA65 /* PBXContainerItemProxy */;
		};
		7170A9401D8B5EC300F5EA65 /* PBXTargetDependency */ = {
			isa = PBXTargetDependency;
			target = 7170A91E1D8B5EC200F5EA65 /* caltip */;
			targetProxy = 7170A93F1D8B5EC300F5EA65 /* PBXContainerItemProxy */;
		};
/* End PBXTargetDependency section */

/* Begin PBXVariantGroup section */
		7170A9261D8B5EC200F5EA65 /* Main.storyboard */ = {
			isa = PBXVariantGroup;
			children = (
				7170A9271D8B5EC200F5EA65 /* Base */,
			);
			name = Main.storyboard;
			sourceTree = "<group>";
		};
		7170A92B1D8B5EC200F5EA65 /* LaunchScreen.storyboard */ = {
			isa = PBXVariantGroup;
			children = (
				7170A92C1D8B5EC200F5EA65 /* Base */,
			);
			name = LaunchScreen.storyboard;
			sourceTree = "<group>";
		};
/* End PBXVariantGroup section */

/* Begin XCBuildConfiguration section */
		7170A9451D8B5EC300F5EA65 /* Debug */ = {
			isa = XCBuildConfiguration;
			buildSettings = {
				ALWAYS_SEARCH_USER_PATHS = NO;
				CLANG_ANALYZER_NONNULL = YES;
				CLANG_CXX_LANGUAGE_STANDARD = "gnu++0x";
				CLANG_CXX_LIBRARY = "libc++";
				CLANG_ENABLE_MODULES = YES;
				CLANG_ENABLE_OBJC_ARC = YES;
				CLANG_WARN_BOOL_CONVERSION = YES;
				CLANG_WARN_CONSTANT_CONVERSION = YES;
				CLANG_WARN_DIRECT_OBJC_ISA_USAGE = YES_ERROR;
				CLANG_WARN_DOCUMENTATION_COMMENTS = YES;
				CLANG_WARN_EMPTY_BODY = YES;
				CLANG_WARN_ENUM_CONVERSION = YES;
				CLANG_WARN_INFINITE_RECURSION = YES;
				CLANG_WARN_INT_CONVERSION = YES;
				CLANG_WARN_OBJC_ROOT_CLASS = YES_ERROR;
				CLANG_WARN_SUSPICIOUS_MOVES = YES;
				CLANG_WARN_UNREACHABLE_CODE = YES;
				CLANG_WARN__DUPLICATE_METHOD_MATCH = YES;
				"CODE_SIGN_IDENTITY[sdk=iphoneos*]" = "iPhone Developer";
				COPY_PHASE_STRIP = NO;
				DEBUG_INFORMATION_FORMAT = dwarf;
				ENABLE_STRICT_OBJC_MSGSEND = YES;
				ENABLE_TESTABILITY = YES;
				GCC_C_LANGUAGE_STANDARD = gnu99;
				GCC_DYNAMIC_NO_PIC = NO;
				GCC_NO_COMMON_BLOCKS = YES;
				GCC_OPTIMIZATION_LEVEL = 0;
				GCC_PREPROCESSOR_DEFINITIONS = (
					"DEBUG=1",
					"$(inherited)",
				);
				GCC_WARN_64_TO_32_BIT_CONVERSION = YES;
				GCC_WARN_ABOUT_RETURN_TYPE = YES_ERROR;
				GCC_WARN_UNDECLARED_SELECTOR = YES;
				GCC_WARN_UNINITIALIZED_AUTOS = YES_AGGRESSIVE;
				GCC_WARN_UNUSED_FUNCTION = YES;
				GCC_WARN_UNUSED_VARIABLE = YES;
				IPHONEOS_DEPLOYMENT_TARGET = 10.0;
				MTL_ENABLE_DEBUG_INFO = YES;
				ONLY_ACTIVE_ARCH = YES;
				SDKROOT = iphoneos;
				SWIFT_ACTIVE_COMPILATION_CONDITIONS = DEBUG;
				SWIFT_OPTIMIZATION_LEVEL = "-Onone";
			};
			name = Debug;
		};
		7170A9461D8B5EC300F5EA65 /* Release */ = {
			isa = XCBuildConfiguration;
			buildSettings = {
				ALWAYS_SEARCH_USER_PATHS = NO;
				CLANG_ANALYZER_NONNULL = YES;
				CLANG_CXX_LANGUAGE_STANDARD = "gnu++0x";
				CLANG_CXX_LIBRARY = "libc++";
				CLANG_ENABLE_MODULES = YES;
				CLANG_ENABLE_OBJC_ARC = YES;
				CLANG_WARN_BOOL_CONVERSION = YES;
				CLANG_WARN_CONSTANT_CONVERSION = YES;
				CLANG_WARN_DIRECT_OBJC_ISA_USAGE = YES_ERROR;
				CLANG_WARN_DOCUMENTATION_COMMENTS = YES;
				CLANG_WARN_EMPTY_BODY = YES;
				CLANG_WARN_ENUM_CONVERSION = YES;
				CLANG_WARN_INFINITE_RECURSION = YES;
				CLANG_WARN_INT_CONVERSION = YES;
				CLANG_WARN_OBJC_ROOT_CLASS = YES_ERROR;
				CLANG_WARN_SUSPICIOUS_MOVES = YES;
				CLANG_WARN_UNREACHABLE_CODE = YES;
				CLANG_WARN__DUPLICATE_METHOD_MATCH = YES;
				"CODE_SIGN_IDENTITY[sdk=iphoneos*]" = "iPhone Developer";
				COPY_PHASE_STRIP = NO;
				DEBUG_INFORMATION_FORMAT = "dwarf-with-dsym";
				ENABLE_NS_ASSERTIONS = NO;
				ENABLE_STRICT_OBJC_MSGSEND = YES;
				GCC_C_LANGUAGE_STANDARD = gnu99;
				GCC_NO_COMMON_BLOCKS = YES;
				GCC_WARN_64_TO_32_BIT_CONVERSION = YES;
				GCC_WARN_ABOUT_RETURN_TYPE = YES_ERROR;
				GCC_WARN_UNDECLARED_SELECTOR = YES;
				GCC_WARN_UNINITIALIZED_AUTOS = YES_AGGRESSIVE;
				GCC_WARN_UNUSED_FUNCTION = YES;
				GCC_WARN_UNUSED_VARIABLE = YES;
				IPHONEOS_DEPLOYMENT_TARGET = 10.0;
				MTL_ENABLE_DEBUG_INFO = NO;
				SDKROOT = iphoneos;
				SWIFT_OPTIMIZATION_LEVEL = "-Owholemodule";
				VALIDATE_PRODUCT = YES;
			};
			name = Release;
		};
		7170A9481D8B5EC300F5EA65 /* Debug */ = {
			isa = XCBuildConfiguration;
			buildSettings = {
				ASSETCATALOG_COMPILER_APPICON_NAME = AppIcon;
				INFOPLIST_FILE = caltip/Info.plist;
				IPHONEOS_DEPLOYMENT_TARGET = 10.0;
				LD_RUNPATH_SEARCH_PATHS = "$(inherited) @executable_path/Frameworks";
				PRODUCT_BUNDLE_IDENTIFIER = com.swift.warmup.caltip;
				PRODUCT_NAME = "$(TARGET_NAME)";
				SWIFT_VERSION = 3.0;
			};
			name = Debug;
		};
		7170A9491D8B5EC300F5EA65 /* Release */ = {
			isa = XCBuildConfiguration;
			buildSettings = {
				ASSETCATALOG_COMPILER_APPICON_NAME = AppIcon;
				INFOPLIST_FILE = caltip/Info.plist;
				IPHONEOS_DEPLOYMENT_TARGET = 10.0;
				LD_RUNPATH_SEARCH_PATHS = "$(inherited) @executable_path/Frameworks";
				PRODUCT_BUNDLE_IDENTIFIER = com.swift.warmup.caltip;
				PRODUCT_NAME = "$(TARGET_NAME)";
				SWIFT_VERSION = 3.0;
			};
			name = Release;
		};
		7170A94B1D8B5EC300F5EA65 /* Debug */ = {
			isa = XCBuildConfiguration;
			buildSettings = {
				ALWAYS_EMBED_SWIFT_STANDARD_LIBRARIES = YES;
				BUNDLE_LOADER = "$(TEST_HOST)";
				INFOPLIST_FILE = caltipTests/Info.plist;
				LD_RUNPATH_SEARCH_PATHS = "$(inherited) @executable_path/Frameworks @loader_path/Frameworks";
				PRODUCT_BUNDLE_IDENTIFIER = com.swift.warmup.caltipTests;
				PRODUCT_NAME = "$(TARGET_NAME)";
				SWIFT_VERSION = 3.0;
				TEST_HOST = "$(BUILT_PRODUCTS_DIR)/caltip.app/caltip";
			};
			name = Debug;
		};
		7170A94C1D8B5EC300F5EA65 /* Release */ = {
			isa = XCBuildConfiguration;
			buildSettings = {
				ALWAYS_EMBED_SWIFT_STANDARD_LIBRARIES = YES;
				BUNDLE_LOADER = "$(TEST_HOST)";
				INFOPLIST_FILE = caltipTests/Info.plist;
				LD_RUNPATH_SEARCH_PATHS = "$(inherited) @executable_path/Frameworks @loader_path/Frameworks";
				PRODUCT_BUNDLE_IDENTIFIER = com.swift.warmup.caltipTests;
				PRODUCT_NAME = "$(TARGET_NAME)";
				SWIFT_VERSION = 3.0;
				TEST_HOST = "$(BUILT_PRODUCTS_DIR)/caltip.app/caltip";
			};
			name = Release;
		};
		7170A94E1D8B5EC300F5EA65 /* Debug */ = {
			isa = XCBuildConfiguration;
			buildSettings = {
				ALWAYS_EMBED_SWIFT_STANDARD_LIBRARIES = YES;
				INFOPLIST_FILE = caltipUITests/Info.plist;
				LD_RUNPATH_SEARCH_PATHS = "$(inherited) @executable_path/Frameworks @loader_path/Frameworks";
				PRODUCT_BUNDLE_IDENTIFIER = com.swift.warmup.caltipUITests;
				PRODUCT_NAME = "$(TARGET_NAME)";
				SWIFT_VERSION = 3.0;
				TEST_TARGET_NAME = caltip;
			};
			name = Debug;
		};
		7170A94F1D8B5EC300F5EA65 /* Release */ = {
			isa = XCBuildConfiguration;
			buildSettings = {
				ALWAYS_EMBED_SWIFT_STANDARD_LIBRARIES = YES;
				INFOPLIST_FILE = caltipUITests/Info.plist;
				LD_RUNPATH_SEARCH_PATHS = "$(inherited) @executable_path/Frameworks @loader_path/Frameworks";
				PRODUCT_BUNDLE_IDENTIFIER = com.swift.warmup.caltipUITests;
				PRODUCT_NAME = "$(TARGET_NAME)";
				SWIFT_VERSION = 3.0;
				TEST_TARGET_NAME = caltip;
			};
			name = Release;
		};
/* End XCBuildConfiguration section */

/* Begin XCConfigurationList section */
		7170A91A1D8B5EC200F5EA65 /* Build configuration list for PBXProject "caltip" */ = {
			isa = XCConfigurationList;
			buildConfigurations = (
				7170A9451D8B5EC300F5EA65 /* Debug */,
				7170A9461D8B5EC300F5EA65 /* Release */,
			);
			defaultConfigurationIsVisible = 0;
			defaultConfigurationName = Release;
		};
		7170A9471D8B5EC300F5EA65 /* Build configuration list for PBXNativeTarget "caltip" */ = {
			isa = XCConfigurationList;
			buildConfigurations = (
				7170A9481D8B5EC300F5EA65 /* Debug */,
				7170A9491D8B5EC300F5EA65 /* Release */,
			);
			defaultConfigurationIsVisible = 0;
		};
		7170A94A1D8B5EC300F5EA65 /* Build configuration list for PBXNativeTarget "caltipTests" */ = {
			isa = XCConfigurationList;
			buildConfigurations = (
				7170A94B1D8B5EC300F5EA65 /* Debug */,
				7170A94C1D8B5EC300F5EA65 /* Release */,
			);
			defaultConfigurationIsVisible = 0;
		};
		7170A94D1D8B5EC300F5EA65 /* Build configuration list for PBXNativeTarget "caltipUITests" */ = {
			isa = XCConfigurationList;
			buildConfigurations = (
				7170A94E1D8B5EC300F5EA65 /* Debug */,
				7170A94F1D8B5EC300F5EA65 /* Release */,
			);
			defaultConfigurationIsVisible = 0;
		};
/* End XCConfigurationList section */
	};
	rootObject = 7170A9171D8B5EC200F5EA65 /* Project object */;
}
